
Microsoft Visual Studio Solution File, Format Version 12.00
# Visual Studio Version 16
VisualStudioVersion = 16.0.30907.101
MinimumVisualStudioVersion = 10.0.40219.1
Project("{FAE04EC0-301F-11D3-BF4B-00C04F79EFBC}") = "SpaceEngineersDedicatedServerPlugin", "SpaceEngineersDedicatedServerPlugin.csproj", "{1F215A78-DBF0-4506-A4E5-4C2BB40ACAB6}"
EndProject
Global
	GlobalSection(SolutionConfigurationPlatforms) = preSolution
		Debug|Any CPU = Debug|Any CPU
		Release|Any CPU = Release|Any CPU
	EndGlobalSection
	GlobalSection(ProjectConfigurationPlatforms) = postSolution
		{1F215A78-DBF0-4506-A4E5-4C2BB40ACAB6}.Debug|Any CPU.ActiveCfg = Debug|Any CPU
		{1F215A78-DBF0-4506-A4E5-4C2BB40ACAB6}.Debug|Any CPU.Build.0 = Debug|Any CPU
		{1F215A78-DBF0-4506-A4E5-4C2BB40ACAB6}.Release|Any CPU.ActiveCfg = Release|Any CPU
		{1F215A78-DBF0-4506-A4E5-4C2BB40ACAB6}.Release|Any CPU.Build.0 = Release|Any CPU
	EndGlobalSection
	GlobalSection(SolutionProperties) = preSolution
		HideSolutionNode = FALSE
	EndGlobalSection
	GlobalSection(ExtensibilityGlobals) = postSolution
		SolutionGuid = {9E656C93-4278-4B9E-A322-38553F5216D6}
	EndGlobalSection
EndGlobal
